
Microsoft Visual Studio Solution File, Format Version 12.00
# Visual Studio 2017
Project("{FAE04EC0-301F-11D3-BF4B-00C04F79EFBC}") = "Hamster Run", "Hamster Run.csproj", "{9B92B719-0A26-478F-91E2-1A73255B1BE7}"
EndProject
Project("{FAE04EC0-301F-11D3-BF4B-00C04F79EFBC}") = "Hamster Run.Editor", "Hamster Run.Editor.csproj", "{B702AB76-A922-883C-285C-02935E24A823}"
EndProject
Global
	GlobalSection(SolutionConfigurationPlatforms) = preSolution
		Debug|Any CPU = Debug|Any CPU
		Release|Any CPU = Release|Any CPU
	EndGlobalSection
	GlobalSection(ProjectConfigurationPlatforms) = postSolution
		{9B92B719-0A26-478F-91E2-1A73255B1BE7}.Debug|Any CPU.ActiveCfg = Debug|Any CPU
		{9B92B719-0A26-478F-91E2-1A73255B1BE7}.Debug|Any CPU.Build.0 = Debug|Any CPU
		{9B92B719-0A26-478F-91E2-1A73255B1BE7}.Release|Any CPU.ActiveCfg = Release|Any CPU
		{9B92B719-0A26-478F-91E2-1A73255B1BE7}.Release|Any CPU.Build.0 = Release|Any CPU
		{B702AB76-A922-883C-285C-02935E24A823}.Debug|Any CPU.ActiveCfg = Debug|Any CPU
		{B702AB76-A922-883C-285C-02935E24A823}.Debug|Any CPU.Build.0 = Debug|Any CPU
		{B702AB76-A922-883C-285C-02935E24A823}.Release|Any CPU.ActiveCfg = Release|Any CPU
		{B702AB76-A922-883C-285C-02935E24A823}.Release|Any CPU.Build.0 = Release|Any CPU
	EndGlobalSection
	GlobalSection(SolutionProperties) = preSolution
		HideSolutionNode = FALSE
	EndGlobalSection
EndGlobal
